
Microsoft Visual Studio Solution File, Format Version 12.00
# Visual Studio Version 16
VisualStudioVersion = 16.0.31410.357
MinimumVisualStudioVersion = 10.0.40219.1
Project("{FAE04EC0-301F-11D3-BF4B-00C04F79EFBC}") = "CA211102", "CA211102\CA211102.csproj", "{38E91107-A037-4F30-B2D1-1FE36FF04760}"
EndProject
Global
	GlobalSection(SolutionConfigurationPlatforms) = preSolution
		Debug|Any CPU = Debug|Any CPU
		Release|Any CPU = Release|Any CPU
	EndGlobalSection
	GlobalSection(ProjectConfigurationPlatforms) = postSolution
		{38E91107-A037-4F30-B2D1-1FE36FF04760}.Debug|Any CPU.ActiveCfg = Debug|Any CPU
		{38E91107-A037-4F30-B2D1-1FE36FF04760}.Debug|Any CPU.Build.0 = Debug|Any CPU
		{38E91107-A037-4F30-B2D1-1FE36FF04760}.Release|Any CPU.ActiveCfg = Release|Any CPU
		{38E91107-A037-4F30-B2D1-1FE36FF04760}.Release|Any CPU.Build.0 = Release|Any CPU
	EndGlobalSection
	GlobalSection(SolutionProperties) = preSolution
		HideSolutionNode = FALSE
	EndGlobalSection
	GlobalSection(ExtensibilityGlobals) = postSolution
		SolutionGuid = {D853DE0A-F530-4F46-BF0C-AD396BCADEEF}
	EndGlobalSection
EndGlobal
